// !$*UTF8*$!
{
	archiveVersion = 1;
	classes = {
	};
	objectVersion = 50;
	objects = {

/* Begin PBXBuildFile section */
		E9D701052632948C00E7BBA5 /* DocDemoApp.swift in Sources */ = {isa = PBXBuildFile; fileRef = E9D700F12632948C00E7BBA5 /* DocDemoApp.swift */; };
		E9D701062632948C00E7BBA5 /* DocDemoApp.swift in Sources */ = {isa = PBXBuildFile; fileRef = E9D700F12632948C00E7BBA5 /* DocDemoApp.swift */; };
		E9D701072632948C00E7BBA5 /* DocDemoDocument.swift in Sources */ = {isa = PBXBuildFile; fileRef = E9D700F22632948C00E7BBA5 /* DocDemoDocument.swift */; };
		E9D701082632948C00E7BBA5 /* DocDemoDocument.swift in Sources */ = {isa = PBXBuildFile; fileRef = E9D700F22632948C00E7BBA5 /* DocDemoDocument.swift */; };
		E9D701092632948C00E7BBA5 /* ContentView.swift in Sources */ = {isa = PBXBuildFile; fileRef = E9D700F32632948C00E7BBA5 /* ContentView.swift */; };
		E9D7010A2632948C00E7BBA5 /* ContentView.swift in Sources */ = {isa = PBXBuildFile; fileRef = E9D700F32632948C00E7BBA5 /* ContentView.swift */; };
		E9D7010B2632948C00E7BBA5 /* Assets.xcassets in Resources */ = {isa = PBXBuildFile; fileRef = E9D700F42632948C00E7BBA5 /* Assets.xcassets */; };
		E9D7010C2632948C00E7BBA5 /* Assets.xcassets in Resources */ = {isa = PBXBuildFile; fileRef = E9D700F42632948C00E7BBA5 /* Assets.xcassets */; };
/* End PBXBuildFile section */

/* Begin PBXFileReference section */
		E9D700F12632948C00E7BBA5 /* DocDemoApp.swift */ = {isa = PBXFileReference; lastKnownFileType = sourcecode.swift; path = DocDemoApp.swift; sourceTree = "<group>"; };
		E9D700F22632948C00E7BBA5 /* DocDemoDocument.swift */ = {isa = PBXFileReference; lastKnownFileType = sourcecode.swift; path = DocDemoDocument.swift; sourceTree = "<group>"; };
		E9D700F32632948C00E7BBA5 /* ContentView.swift */ = {isa = PBXFileReference; lastKnownFileType = sourcecode.swift; path = ContentView.swift; sourceTree = "<group>"; };
		E9D700F42632948C00E7BBA5 /* Assets.xcassets */ = {isa = PBXFileReference; lastKnownFileType = folder.assetcatalog; path = Assets.xcassets; sourceTree = "<group>"; };
		E9D700F92632948C00E7BBA5 /* DocDemo.app */ = {isa = PBXFileReference; explicitFileType = wrapper.application; includeInIndex = 0; path = DocDemo.app; sourceTree = BUILT_PRODUCTS_DIR; };
		E9D700FC2632948C00E7BBA5 /* Info.plist */ = {isa = PBXFileReference; lastKnownFileType = text.plist.xml; path = Info.plist; sourceTree = "<group>"; };
		E9D701012632948C00E7BBA5 /* DocDemo.app */ = {isa = PBXFileReference; explicitFileType = wrapper.application; includeInIndex = 0; path = DocDemo.app; sourceTree = BUILT_PRODUCTS_DIR; };
		E9D701032632948C00E7BBA5 /* Info.plist */ = {isa = PBXFileReference; lastKnownFileType = text.plist.xml; path = Info.plist; sourceTree = "<group>"; };
		E9D701042632948C00E7BBA5 /* macOS.entitlements */ = {isa = PBXFileReference; lastKnownFileType = text.plist.entitlements; path = macOS.entitlements; sourceTree = "<group>"; };
/* End PBXFileReference section */

/* Begin PBXFrameworksBuildPhase section */
		E9D700F62632948C00E7BBA5 /* Frameworks */ = {
			isa = PBXFrameworksBuildPhase;
			buildActionMask = 2147483647;
			files = (
			);
			runOnlyForDeploymentPostprocessing = 0;
		};
		E9D700FE2632948C00E7BBA5 /* Frameworks */ = {
			isa = PBXFrameworksBuildPhase;
			buildActionMask = 2147483647;
			files = (
			);
			runOnlyForDeploymentPostprocessing = 0;
		};
/* End PBXFrameworksBuildPhase section */

/* Begin PBXGroup section */
		E9D700EB2632948C00E7BBA5 = {
			isa = PBXGroup;
			children = (
				E9D700F02632948C00E7BBA5 /* Shared */,
				E9D700FB2632948C00E7BBA5 /* iOS */,
				E9D701022632948C00E7BBA5 /* macOS */,
				E9D700FA2632948C00E7BBA5 /* Products */,
			);
			sourceTree = "<group>";
		};
		E9D700F02632948C00E7BBA5 /* Shared */ = {
			isa = PBXGroup;
			children = (
				E9D700F12632948C00E7BBA5 /* DocDemoApp.swift */,
				E9D700F22632948C00E7BBA5 /* DocDemoDocument.swift */,
				E9D700F32632948C00E7BBA5 /* ContentView.swift */,
				E9D700F42632948C00E7BBA5 /* Assets.xcassets */,
			);
			path = Shared;
			sourceTree = "<group>";
		};
		E9D700FA2632948C00E7BBA5 /* Products */ = {
			isa = PBXGroup;
			children = (
				E9D700F92632948C00E7BBA5 /* DocDemo.app */,
				E9D701012632948C00E7BBA5 /* DocDemo.app */,
			);
			name = Products;
			sourceTree = "<group>";
		};
		E9D700FB2632948C00E7BBA5 /* iOS */ = {
			isa = PBXGroup;
			children = (
				E9D700FC2632948C00E7BBA5 /* Info.plist */,
			);
			path = iOS;
			sourceTree = "<group>";
		};
		E9D701022632948C00E7BBA5 /* macOS */ = {
			isa = PBXGroup;
			children = (
				E9D701032632948C00E7BBA5 /* Info.plist */,
				E9D701042632948C00E7BBA5 /* macOS.entitlements */,
			);
			path = macOS;
			sourceTree = "<group>";
		};
/* End PBXGroup section */

/* Begin PBXNativeTarget section */
		E9D700F82632948C00E7BBA5 /* DocDemo (iOS) */ = {
			isa = PBXNativeTarget;
			buildConfigurationList = E9D7010F2632948C00E7BBA5 /* Build configuration list for PBXNativeTarget "DocDemo (iOS)" */;
			buildPhases = (
				E9D700F52632948C00E7BBA5 /* Sources */,
				E9D700F62632948C00E7BBA5 /* Frameworks */,
				E9D700F72632948C00E7BBA5 /* Resources */,
			);
			buildRules = (
			);
			dependencies = (
			);
			name = "DocDemo (iOS)";
			productName = "DocDemo (iOS)";
			productReference = E9D700F92632948C00E7BBA5 /* DocDemo.app */;
			productType = "com.apple.product-type.application";
		};
		E9D701002632948C00E7BBA5 /* DocDemo (macOS) */ = {
			isa = PBXNativeTarget;
			buildConfigurationList = E9D701122632948C00E7BBA5 /* Build configuration list for PBXNativeTarget "DocDemo (macOS)" */;
			buildPhases = (
				E9D700FD2632948C00E7BBA5 /* Sources */,
				E9D700FE2632948C00E7BBA5 /* Frameworks */,
				E9D700FF2632948C00E7BBA5 /* Resources */,
			);
			buildRules = (
			);
			dependencies = (
			);
			name = "DocDemo (macOS)";
			productName = "DocDemo (macOS)";
			productReference = E9D701012632948C00E7BBA5 /* DocDemo.app */;
			productType = "com.apple.product-type.application";
		};
/* End PBXNativeTarget section */

/* Begin PBXProject section */
		E9D700EC2632948C00E7BBA5 /* Project object */ = {
			isa = PBXProject;
			attributes = {
				LastSwiftUpdateCheck = 1240;
				LastUpgradeCheck = 1240;
				TargetAttributes = {
					E9D700F82632948C00E7BBA5 = {
						CreatedOnToolsVersion = 12.4;
					};
					E9D701002632948C00E7BBA5 = {
						CreatedOnToolsVersion = 12.4;
					};
				};
			};
			buildConfigurationList = E9D700EF2632948C00E7BBA5 /* Build configuration list for PBXProject "DocDemo" */;
			compatibilityVersion = "Xcode 9.3";
			developmentRegion = en;
			hasScannedForEncodings = 0;
			knownRegions = (
				en,
				Base,
			);
			mainGroup = E9D700EB2632948C00E7BBA5;
			productRefGroup = E9D700FA2632948C00E7BBA5 /* Products */;
			projectDirPath = "";
			projectRoot = "";
			targets = (
				E9D700F82632948C00E7BBA5 /* DocDemo (iOS) */,
				E9D701002632948C00E7BBA5 /* DocDemo (macOS) */,
			);
		};
/* End PBXProject section */

/* Begin PBXResourcesBuildPhase section */
		E9D700F72632948C00E7BBA5 /* Resources */ = {
			isa = PBXResourcesBuildPhase;
			buildActionMask = 2147483647;
			files = (
				E9D7010B2632948C00E7BBA5 /* Assets.xcassets in Resources */,
			);
			runOnlyForDeploymentPostprocessing = 0;
		};
		E9D700FF2632948C00E7BBA5 /* Resources */ = {
			isa = PBXResourcesBuildPhase;
			buildActionMask = 2147483647;
			files = (
				E9D7010C2632948C00E7BBA5 /* Assets.xcassets in Resources */,
			);
			runOnlyForDeploymentPostprocessing = 0;
		};
/* End PBXResourcesBuildPhase section */

/* Begin PBXSourcesBuildPhase section */
		E9D700F52632948C00E7BBA5 /* Sources */ = {
			isa = PBXSourcesBuildPhase;
			buildActionMask = 2147483647;
			files = (
				E9D701072632948C00E7BBA5 /* DocDemoDocument.swift in Sources */,
				E9D701052632948C00E7BBA5 /* DocDemoApp.swift in Sources */,
				E9D701092632948C00E7BBA5 /* ContentView.swift in Sources */,
			);
			runOnlyForDeploymentPostprocessing = 0;
		};
		E9D700FD2632948C00E7BBA5 /* Sources */ = {
			isa = PBXSourcesBuildPhase;
			buildActionMask = 2147483647;
			files = (
				E9D701082632948C00E7BBA5 /* DocDemoDocument.swift in Sources */,
				E9D701062632948C00E7BBA5 /* DocDemoApp.swift in Sources */,
				E9D7010A2632948C00E7BBA5 /* ContentView.swift in Sources */,
			);
			runOnlyForDeploymentPostprocessing = 0;
		};
/* End PBXSourcesBuildPhase section */

/* Begin XCBuildConfiguration section */
		E9D7010D2632948C00E7BBA5 /* Debug */ = {
			isa = XCBuildConfiguration;
			buildSettings = {
				ALWAYS_SEARCH_USER_PATHS = NO;
				CLANG_ANALYZER_NONNULL = YES;
				CLANG_ANALYZER_NUMBER_OBJECT_CONVERSION = YES_AGGRESSIVE;
				CLANG_CXX_LANGUAGE_STANDARD = "gnu++14";
				CLANG_CXX_LIBRARY = "libc++";
				CLANG_ENABLE_MODULES = YES;
				CLANG_ENABLE_OBJC_ARC = YES;
				CLANG_ENABLE_OBJC_WEAK = YES;
				CLANG_WARN_BLOCK_CAPTURE_AUTORELEASING = YES;
				CLANG_WARN_BOOL_CONVERSION = YES;
				CLANG_WARN_COMMA = YES;
				CLANG_WARN_CONSTANT_CONVERSION = YES;
				CLANG_WARN_DEPRECATED_OBJC_IMPLEMENTATIONS = YES;
				CLANG_WARN_DIRECT_OBJC_ISA_USAGE = YES_ERROR;
				CLANG_WARN_DOCUMENTATION_COMMENTS = YES;
				CLANG_WARN_EMPTY_BODY = YES;
				CLANG_WARN_ENUM_CONVERSION = YES;
				CLANG_WARN_INFINITE_RECURSION = YES;
				CLANG_WARN_INT_CONVERSION = YES;
				CLANG_WARN_NON_LITERAL_NULL_CONVERSION = YES;
				CLANG_WARN_OBJC_IMPLICIT_RETAIN_SELF = YES;
				CLANG_WARN_OBJC_LITERAL_CONVERSION = YES;
				CLANG_WARN_OBJC_ROOT_CLASS = YES_ERROR;
				CLANG_WARN_QUOTED_INCLUDE_IN_FRAMEWORK_HEADER = YES;
				CLANG_WARN_RANGE_LOOP_ANALYSIS = YES;
				CLANG_WARN_STRICT_PROTOTYPES = YES;
				CLANG_WARN_SUSPICIOUS_MOVE = YES;
				CLANG_WARN_UNGUARDED_AVAILABILITY = YES_AGGRESSIVE;
				CLANG_WARN_UNREACHABLE_CODE = YES;
				CLANG_WARN__DUPLICATE_METHOD_MATCH = YES;
				COPY_PHASE_STRIP = NO;
				DEBUG_INFORMATION_FORMAT = dwarf;
				ENABLE_STRICT_OBJC_MSGSEND = YES;
				ENABLE_TESTABILITY = YES;
				GCC_C_LANGUAGE_STANDARD = gnu11;
				GCC_DYNAMIC_NO_PIC = NO;
				GCC_NO_COMMON_BLOCKS = YES;
				GCC_OPTIMIZATION_LEVEL = 0;
				GCC_PREPROCESSOR_DEFINITIONS = (
					"DEBUG=1",
					"$(inherited)",
				);
				GCC_WARN_64_TO_32_BIT_CONVERSION = YES;
				GCC_WARN_ABOUT_RETURN_TYPE = YES_ERROR;
				GCC_WARN_UNDECLARED_SELECTOR = YES;
				GCC_WARN_UNINITIALIZED_AUTOS = YES_AGGRESSIVE;
				GCC_WARN_UNUSED_FUNCTION = YES;
				GCC_WARN_UNUSED_VARIABLE = YES;
				MTL_ENABLE_DEBUG_INFO = INCLUDE_SOURCE;
				MTL_FAST_MATH = YES;
				ONLY_ACTIVE_ARCH = YES;
				SWIFT_ACTIVE_COMPILATION_CONDITIONS = DEBUG;
				SWIFT_OPTIMIZATION_LEVEL = "-Onone";
			};
			name = Debug;
		};
		E9D7010E2632948C00E7BBA5 /* Release */ = {
			isa = XCBuildConfiguration;
			buildSettings = {
				ALWAYS_SEARCH_USER_PATHS = NO;
				CLANG_ANALYZER_NONNULL = YES;
				CLANG_ANALYZER_NUMBER_OBJECT_CONVERSION = YES_AGGRESSIVE;
				CLANG_CXX_LANGUAGE_STANDARD = "gnu++14";
				CLANG_CXX_LIBRARY = "libc++";
				CLANG_ENABLE_MODULES = YES;
				CLANG_ENABLE_OBJC_ARC = YES;
				CLANG_ENABLE_OBJC_WEAK = YES;
				CLANG_WARN_BLOCK_CAPTURE_AUTORELEASING = YES;
				CLANG_WARN_BOOL_CONVERSION = YES;
				CLANG_WARN_COMMA = YES;
				CLANG_WARN_CONSTANT_CONVERSION = YES;
				CLANG_WARN_DEPRECATED_OBJC_IMPLEMENTATIONS = YES;
				CLANG_WARN_DIRECT_OBJC_ISA_USAGE = YES_ERROR;
				CLANG_WARN_DOCUMENTATION_COMMENTS = YES;
				CLANG_WARN_EMPTY_BODY = YES;
				CLANG_WARN_ENUM_CONVERSION = YES;
				CLANG_WARN_INFINITE_RECURSION = YES;
				CLANG_WARN_INT_CONVERSION = YES;
				CLANG_WARN_NON_LITERAL_NULL_CONVERSION = YES;
				CLANG_WARN_OBJC_IMPLICIT_RETAIN_SELF = YES;
				CLANG_WARN_OBJC_LITERAL_CONVERSION = YES;
				CLANG_WARN_OBJC_ROOT_CLASS = YES_ERROR;
				CLANG_WARN_QUOTED_INCLUDE_IN_FRAMEWORK_HEADER = YES;
				CLANG_WARN_RANGE_LOOP_ANALYSIS = YES;
				CLANG_WARN_STRICT_PROTOTYPES = YES;
				CLANG_WARN_SUSPICIOUS_MOVE = YES;
				CLANG_WARN_UNGUARDED_AVAILABILITY = YES_AGGRESSIVE;
				CLANG_WARN_UNREACHABLE_CODE = YES;
				CLANG_WARN__DUPLICATE_METHOD_MATCH = YES;
				COPY_PHASE_STRIP = NO;
				DEBUG_INFORMATION_FORMAT = "dwarf-with-dsym";
				ENABLE_NS_ASSERTIONS = NO;
				ENABLE_STRICT_OBJC_MSGSEND = YES;
				GCC_C_LANGUAGE_STANDARD = gnu11;
				GCC_NO_COMMON_BLOCKS = YES;
				GCC_WARN_64_TO_32_BIT_CONVERSION = YES;
				GCC_WARN_ABOUT_RETURN_TYPE = YES_ERROR;
				GCC_WARN_UNDECLARED_SELECTOR = YES;
				GCC_WARN_UNINITIALIZED_AUTOS = YES_AGGRESSIVE;
				GCC_WARN_UNUSED_FUNCTION = YES;
				GCC_WARN_UNUSED_VARIABLE = YES;
				MTL_ENABLE_DEBUG_INFO = NO;
				MTL_FAST_MATH = YES;
				SWIFT_COMPILATION_MODE = wholemodule;
				SWIFT_OPTIMIZATION_LEVEL = "-O";
			};
			name = Release;
		};
		E9D701102632948C00E7BBA5 /* Debug */ = {
			isa = XCBuildConfiguration;
			buildSettings = {
				ASSETCATALOG_COMPILER_APPICON_NAME = AppIcon;
				ASSETCATALOG_COMPILER_GLOBAL_ACCENT_COLOR_NAME = AccentColor;
				CODE_SIGN_STYLE = Automatic;
				DEVELOPMENT_TEAM = 867N93C454;
				ENABLE_PREVIEWS = YES;
				INFOPLIST_FILE = iOS/Info.plist;
				IPHONEOS_DEPLOYMENT_TARGET = 14.0;
				LD_RUNPATH_SEARCH_PATHS = (
					"$(inherited)",
					"@executable_path/Frameworks",
				);
				PRODUCT_BUNDLE_IDENTIFIER = bekadeveloper.DocDemo;
				PRODUCT_NAME = DocDemo;
				SDKROOT = iphoneos;
				SWIFT_VERSION = 5.0;
				TARGETED_DEVICE_FAMILY = "1,2";
			};
			name = Debug;
		};
		E9D701112632948C00E7BBA5 /* Release */ = {
			isa = XCBuildConfiguration;
			buildSettings = {
				ASSETCATALOG_COMPILER_APPICON_NAME = AppIcon;
				ASSETCATALOG_COMPILER_GLOBAL_ACCENT_COLOR_NAME = AccentColor;
				CODE_SIGN_STYLE = Automatic;
				DEVELOPMENT_TEAM = 867N93C454;
				ENABLE_PREVIEWS = YES;
				INFOPLIST_FILE = iOS/Info.plist;
				IPHONEOS_DEPLOYMENT_TARGET = 14.0;
				LD_RUNPATH_SEARCH_PATHS = (
					"$(inherited)",
					"@executable_path/Frameworks",
				);
				PRODUCT_BUNDLE_IDENTIFIER = bekadeveloper.DocDemo;
				PRODUCT_NAME = DocDemo;
				SDKROOT = iphoneos;
				SWIFT_VERSION = 5.0;
				TARGETED_DEVICE_FAMILY = "1,2";
				VALIDATE_PRODUCT = YES;
			};
			name = Release;
		};
		E9D701132632948C00E7BBA5 /* Debug */ = {
			isa = XCBuildConfiguration;
			buildSettings = {
				ASSETCATALOG_COMPILER_APPICON_NAME = AppIcon;
				ASSETCATALOG_COMPILER_GLOBAL_ACCENT_COLOR_NAME = AccentColor;
				CODE_SIGN_ENTITLEMENTS = macOS/macOS.entitlements;
				CODE_SIGN_STYLE = Automatic;
				COMBINE_HIDPI_IMAGES = YES;
				DEVELOPMENT_TEAM = 867N93C454;
				ENABLE_HARDENED_RUNTIME = YES;
				ENABLE_PREVIEWS = YES;
				INFOPLIST_FILE = macOS/Info.plist;
				LD_RUNPATH_SEARCH_PATHS = (
					"$(inherited)",
					"@executable_path/../Frameworks",
				);
				MACOSX_DEPLOYMENT_TARGET = 11.0;
				PRODUCT_BUNDLE_IDENTIFIER = bekadeveloper.DocDemo;
				PRODUCT_NAME = DocDemo;
				SDKROOT = macosx;
				SWIFT_VERSION = 5.0;
			};
			name = Debug;
		};
		E9D701142632948C00E7BBA5 /* Release */ = {
			isa = XCBuildConfiguration;
			buildSettings = {
				ASSETCATALOG_COMPILER_APPICON_NAME = AppIcon;
				ASSETCATALOG_COMPILER_GLOBAL_ACCENT_COLOR_NAME = AccentColor;
				CODE_SIGN_ENTITLEMENTS = macOS/macOS.entitlements;
				CODE_SIGN_STYLE = Automatic;
				COMBINE_HIDPI_IMAGES = YES;
				DEVELOPMENT_TEAM = 867N93C454;
				ENABLE_HARDENED_RUNTIME = YES;
				ENABLE_PREVIEWS = YES;
				INFOPLIST_FILE = macOS/Info.plist;
				LD_RUNPATH_SEARCH_PATHS = (
					"$(inherited)",
					"@executable_path/../Frameworks",
				);
				MACOSX_DEPLOYMENT_TARGET = 11.0;
				PRODUCT_BUNDLE_IDENTIFIER = bekadeveloper.DocDemo;
				PRODUCT_NAME = DocDemo;
				SDKROOT = macosx;
				SWIFT_VERSION = 5.0;
			};
			name = Release;
		};
/* End XCBuildConfiguration section */

/* Begin XCConfigurationList section */
		E9D700EF2632948C00E7BBA5 /* Build configuration list for PBXProject "DocDemo" */ = {
			isa = XCConfigurationList;
			buildConfigurations = (
				E9D7010D2632948C00E7BBA5 /* Debug */,
				E9D7010E2632948C00E7BBA5 /* Release */,
			);
			defaultConfigurationIsVisible = 0;
			defaultConfigurationName = Release;
		};
		E9D7010F2632948C00E7BBA5 /* Build configuration list for PBXNativeTarget "DocDemo (iOS)" */ = {
			isa = XCConfigurationList;
			buildConfigurations = (
				E9D701102632948C00E7BBA5 /* Debug */,
				E9D701112632948C00E7BBA5 /* Release */,
			);
			defaultConfigurationIsVisible = 0;
			defaultConfigurationName = Release;
		};
		E9D701122632948C00E7BBA5 /* Build configuration list for PBXNativeTarget "DocDemo (macOS)" */ = {
			isa = XCConfigurationList;
			buildConfigurations = (
				E9D701132632948C00E7BBA5 /* Debug */,
				E9D701142632948C00E7BBA5 /* Release */,
			);
			defaultConfigurationIsVisible = 0;
			defaultConfigurationName = Release;
		};
/* End XCConfigurationList section */
	};
	rootObject = E9D700EC2632948C00E7BBA5 /* Project object */;
}
